
Microsoft Visual Studio Solution File, Format Version 12.00
# Visual Studio Version 17
VisualStudioVersion = 17.14.37111.16 d17.14
MinimumVisualStudioVersion = 10.0.40219.1
Project("{FAE04EC0-301F-11D3-BF4B-00C04F79EFBC}") = "Group16_iPERMITAPP", "Group16_iPERMITAPP.csproj", "{1575C0E3-22F0-4FA6-AF4E-98DEEE016A25}"
EndProject
Global
	GlobalSection(SolutionConfigurationPlatforms) = preSolution
		Debug|Any CPU = Debug|Any CPU
		Release|Any CPU = Release|Any CPU
	EndGlobalSection
	GlobalSection(ProjectConfigurationPlatforms) = postSolution
		{1575C0E3-22F0-4FA6-AF4E-98DEEE016A25}.Debug|Any CPU.ActiveCfg = Debug|Any CPU
		{1575C0E3-22F0-4FA6-AF4E-98DEEE016A25}.Debug|Any CPU.Build.0 = Debug|Any CPU
		{1575C0E3-22F0-4FA6-AF4E-98DEEE016A25}.Release|Any CPU.ActiveCfg = Release|Any CPU
		{1575C0E3-22F0-4FA6-AF4E-98DEEE016A25}.Release|Any CPU.Build.0 = Release|Any CPU
	EndGlobalSection
	GlobalSection(SolutionProperties) = preSolution
		HideSolutionNode = FALSE
	EndGlobalSection
	GlobalSection(ExtensibilityGlobals) = postSolution
		SolutionGuid = {C8A2A70F-B614-44F9-B93B-B14A4F9628CA}
	EndGlobalSection
EndGlobal
